// !$*UTF8*$!
{
	archiveVersion = 1;
	classes = {
	};
	objectVersion = 50;
	objects = {

/* Begin PBXBuildFile section */
		D932D00B2504BFFC0034972D /* AppDelegate.swift in Sources */ = {isa = PBXBuildFile; fileRef = D932D00A2504BFFC0034972D /* AppDelegate.swift */; };
		D932D00D2504BFFC0034972D /* SceneDelegate.swift in Sources */ = {isa = PBXBuildFile; fileRef = D932D00C2504BFFC0034972D /* SceneDelegate.swift */; };
		D932D00F2504BFFC0034972D /* ContentView.swift in Sources */ = {isa = PBXBuildFile; fileRef = D932D00E2504BFFC0034972D /* ContentView.swift */; };
		D932D0112504BFFD0034972D /* Assets.xcassets in Resources */ = {isa = PBXBuildFile; fileRef = D932D0102504BFFD0034972D /* Assets.xcassets */; };
		D932D0142504BFFD0034972D /* Preview Assets.xcassets in Resources */ = {isa = PBXBuildFile; fileRef = D932D0132504BFFD0034972D /* Preview Assets.xcassets */; };
		D932D0172504BFFD0034972D /* LaunchScreen.storyboard in Resources */ = {isa = PBXBuildFile; fileRef = D932D0152504BFFD0034972D /* LaunchScreen.storyboard */; };
		D932D01F2504C25D0034972D /* TaskFiles.swift in Sources */ = {isa = PBXBuildFile; fileRef = D932D01E2504C25D0034972D /* TaskFiles.swift */; };
/* End PBXBuildFile section */

/* Begin PBXFileReference section */
		D932D0072504BFFC0034972D /* ListViewApp.app */ = {isa = PBXFileReference; explicitFileType = wrapper.application; includeInIndex = 0; path = ListViewApp.app; sourceTree = BUILT_PRODUCTS_DIR; };
		D932D00A2504BFFC0034972D /* AppDelegate.swift */ = {isa = PBXFileReference; lastKnownFileType = sourcecode.swift; path = AppDelegate.swift; sourceTree = "<group>"; };
		D932D00C2504BFFC0034972D /* SceneDelegate.swift */ = {isa = PBXFileReference; lastKnownFileType = sourcecode.swift; path = SceneDelegate.swift; sourceTree = "<group>"; };
		D932D00E2504BFFC0034972D /* ContentView.swift */ = {isa = PBXFileReference; lastKnownFileType = sourcecode.swift; path = ContentView.swift; sourceTree = "<group>"; };
		D932D0102504BFFD0034972D /* Assets.xcassets */ = {isa = PBXFileReference; lastKnownFileType = folder.assetcatalog; path = Assets.xcassets; sourceTree = "<group>"; };
		D932D0132504BFFD0034972D /* Preview Assets.xcassets */ = {isa = PBXFileReference; lastKnownFileType = folder.assetcatalog; path = "Preview Assets.xcassets"; sourceTree = "<group>"; };
		D932D0162504BFFD0034972D /* Base */ = {isa = PBXFileReference; lastKnownFileType = file.storyboard; name = Base; path = Base.lproj/LaunchScreen.storyboard; sourceTree = "<group>"; };
		D932D0182504BFFD0034972D /* Info.plist */ = {isa = PBXFileReference; lastKnownFileType = text.plist.xml; path = Info.plist; sourceTree = "<group>"; };
		D932D01E2504C25D0034972D /* TaskFiles.swift */ = {isa = PBXFileReference; lastKnownFileType = sourcecode.swift; path = TaskFiles.swift; sourceTree = "<group>"; };
/* End PBXFileReference section */

/* Begin PBXFrameworksBuildPhase section */
		D932D0042504BFFC0034972D /* Frameworks */ = {
			isa = PBXFrameworksBuildPhase;
			buildActionMask = 2147483647;
			files = (
			);
			runOnlyForDeploymentPostprocessing = 0;
		};
/* End PBXFrameworksBuildPhase section */

/* Begin PBXGroup section */
		D932CFFE2504BFFC0034972D = {
			isa = PBXGroup;
			children = (
				D932D0092504BFFC0034972D /* ListViewApp */,
				D932D0082504BFFC0034972D /* Products */,
			);
			sourceTree = "<group>";
		};
		D932D0082504BFFC0034972D /* Products */ = {
			isa = PBXGroup;
			children = (
				D932D0072504BFFC0034972D /* ListViewApp.app */,
			);
			name = Products;
			sourceTree = "<group>";
		};
		D932D0092504BFFC0034972D /* ListViewApp */ = {
			isa = PBXGroup;
			children = (
				D932D00A2504BFFC0034972D /* AppDelegate.swift */,
				D932D00C2504BFFC0034972D /* SceneDelegate.swift */,
				D932D00E2504BFFC0034972D /* ContentView.swift */,
				D932D01E2504C25D0034972D /* TaskFiles.swift */,
				D932D0102504BFFD0034972D /* Assets.xcassets */,
				D932D0152504BFFD0034972D /* LaunchScreen.storyboard */,
				D932D0182504BFFD0034972D /* Info.plist */,
				D932D0122504BFFD0034972D /* Preview Content */,
			);
			path = ListViewApp;
			sourceTree = "<group>";
		};
		D932D0122504BFFD0034972D /* Preview Content */ = {
			isa = PBXGroup;
			children = (
				D932D0132504BFFD0034972D /* Preview Assets.xcassets */,
			);
			path = "Preview Content";
			sourceTree = "<group>";
		};
/* End PBXGroup section */

/* Begin PBXNativeTarget section */
		D932D0062504BFFC0034972D /* ListViewApp */ = {
			isa = PBXNativeTarget;
			buildConfigurationList = D932D01B2504BFFD0034972D /* Build configuration list for PBXNativeTarget "ListViewApp" */;
			buildPhases = (
				D932D0032504BFFC0034972D /* Sources */,
				D932D0042504BFFC0034972D /* Frameworks */,
				D932D0052504BFFC0034972D /* Resources */,
			);
			buildRules = (
			);
			dependencies = (
			);
			name = ListViewApp;
			productName = ListViewApp;
			productReference = D932D0072504BFFC0034972D /* ListViewApp.app */;
			productType = "com.apple.product-type.application";
		};
/* End PBXNativeTarget section */

/* Begin PBXProject section */
		D932CFFF2504BFFC0034972D /* Project object */ = {
			isa = PBXProject;
			attributes = {
				LastSwiftUpdateCheck = 1170;
				LastUpgradeCheck = 1170;
				ORGANIZATIONNAME = yasu.com;
				TargetAttributes = {
					D932D0062504BFFC0034972D = {
						CreatedOnToolsVersion = 11.7;
					};
				};
			};
			buildConfigurationList = D932D0022504BFFC0034972D /* Build configuration list for PBXProject "ListViewApp" */;
			compatibilityVersion = "Xcode 9.3";
			developmentRegion = en;
			hasScannedForEncodings = 0;
			knownRegions = (
				en,
				Base,
			);
			mainGroup = D932CFFE2504BFFC0034972D;
			productRefGroup = D932D0082504BFFC0034972D /* Products */;
			projectDirPath = "";
			projectRoot = "";
			targets = (
				D932D0062504BFFC0034972D /* ListViewApp */,
			);
		};
/* End PBXProject section */

/* Begin PBXResourcesBuildPhase section */
		D932D0052504BFFC0034972D /* Resources */ = {
			isa = PBXResourcesBuildPhase;
			buildActionMask = 2147483647;
			files = (
				D932D0172504BFFD0034972D /* LaunchScreen.storyboard in Resources */,
				D932D0142504BFFD0034972D /* Preview Assets.xcassets in Resources */,
				D932D0112504BFFD0034972D /* Assets.xcassets in Resources */,
			);
			runOnlyForDeploymentPostprocessing = 0;
		};
/* End PBXResourcesBuildPhase section */

/* Begin PBXSourcesBuildPhase section */
		D932D0032504BFFC0034972D /* Sources */ = {
			isa = PBXSourcesBuildPhase;
			buildActionMask = 2147483647;
			files = (
				D932D01F2504C25D0034972D /* TaskFiles.swift in Sources */,
				D932D00B2504BFFC0034972D /* AppDelegate.swift in Sources */,
				D932D00D2504BFFC0034972D /* SceneDelegate.swift in Sources */,
				D932D00F2504BFFC0034972D /* ContentView.swift in Sources */,
			);
			runOnlyForDeploymentPostprocessing = 0;
		};
/* End PBXSourcesBuildPhase section */

/* Begin PBXVariantGroup section */
		D932D0152504BFFD0034972D /* LaunchScreen.storyboard */ = {
			isa = PBXVariantGroup;
			children = (
				D932D0162504BFFD0034972D /* Base */,
			);
			name = LaunchScreen.storyboard;
			sourceTree = "<group>";
		};
/* End PBXVariantGroup section */

/* Begin XCBuildConfiguration section */
		D932D0192504BFFD0034972D /* Debug */ = {
			isa = XCBuildConfiguration;
			buildSettings = {
				ALWAYS_SEARCH_USER_PATHS = NO;
				CLANG_ANALYZER_NONNULL = YES;
				CLANG_ANALYZER_NUMBER_OBJECT_CONVERSION = YES_AGGRESSIVE;
				CLANG_CXX_LANGUAGE_STANDARD = "gnu++14";
				CLANG_CXX_LIBRARY = "libc++";
				CLANG_ENABLE_MODULES = YES;
				CLANG_ENABLE_OBJC_ARC = YES;
				CLANG_ENABLE_OBJC_WEAK = YES;
				CLANG_WARN_BLOCK_CAPTURE_AUTORELEASING = YES;
				CLANG_WARN_BOOL_CONVERSION = YES;
				CLANG_WARN_COMMA = YES;
				CLANG_WARN_CONSTANT_CONVERSION = YES;
				CLANG_WARN_DEPRECATED_OBJC_IMPLEMENTATIONS = YES;
				CLANG_WARN_DIRECT_OBJC_ISA_USAGE = YES_ERROR;
				CLANG_WARN_DOCUMENTATION_COMMENTS = YES;
				CLANG_WARN_EMPTY_BODY = YES;
				CLANG_WARN_ENUM_CONVERSION = YES;
				CLANG_WARN_INFINITE_RECURSION = YES;
				CLANG_WARN_INT_CONVERSION = YES;
				CLANG_WARN_NON_LITERAL_NULL_CONVERSION = YES;
				CLANG_WARN_OBJC_IMPLICIT_RETAIN_SELF = YES;
				CLANG_WARN_OBJC_LITERAL_CONVERSION = YES;
				CLANG_WARN_OBJC_ROOT_CLASS = YES_ERROR;
				CLANG_WARN_RANGE_LOOP_ANALYSIS = YES;
				CLANG_WARN_STRICT_PROTOTYPES = YES;
				CLANG_WARN_SUSPICIOUS_MOVE = YES;
				CLANG_WARN_UNGUARDED_AVAILABILITY = YES_AGGRESSIVE;
				CLANG_WARN_UNREACHABLE_CODE = YES;
				CLANG_WARN__DUPLICATE_METHOD_MATCH = YES;
				COPY_PHASE_STRIP = NO;
				DEBUG_INFORMATION_FORMAT = dwarf;
				ENABLE_STRICT_OBJC_MSGSEND = YES;
				ENABLE_TESTABILITY = YES;
				GCC_C_LANGUAGE_STANDARD = gnu11;
				GCC_DYNAMIC_NO_PIC = NO;
				GCC_NO_COMMON_BLOCKS = YES;
				GCC_OPTIMIZATION_LEVEL = 0;
				GCC_PREPROCESSOR_DEFINITIONS = (
					"DEBUG=1",
					"$(inherited)",
				);
				GCC_WARN_64_TO_32_BIT_CONVERSION = YES;
				GCC_WARN_ABOUT_RETURN_TYPE = YES_ERROR;
				GCC_WARN_UNDECLARED_SELECTOR = YES;
				GCC_WARN_UNINITIALIZED_AUTOS = YES_AGGRESSIVE;
				GCC_WARN_UNUSED_FUNCTION = YES;
				GCC_WARN_UNUSED_VARIABLE = YES;
				IPHONEOS_DEPLOYMENT_TARGET = 13.7;
				MTL_ENABLE_DEBUG_INFO = INCLUDE_SOURCE;
				MTL_FAST_MATH = YES;
				ONLY_ACTIVE_ARCH = YES;
				SDKROOT = iphoneos;
				SWIFT_ACTIVE_COMPILATION_CONDITIONS = DEBUG;
				SWIFT_OPTIMIZATION_LEVEL = "-Onone";
			};
			name = Debug;
		};
		D932D01A2504BFFD0034972D /* Release */ = {
			isa = XCBuildConfiguration;
			buildSettings = {
				ALWAYS_SEARCH_USER_PATHS = NO;
				CLANG_ANALYZER_NONNULL = YES;
				CLANG_ANALYZER_NUMBER_OBJECT_CONVERSION = YES_AGGRESSIVE;
				CLANG_CXX_LANGUAGE_STANDARD = "gnu++14";
				CLANG_CXX_LIBRARY = "libc++";
				CLANG_ENABLE_MODULES = YES;
				CLANG_ENABLE_OBJC_ARC = YES;
				CLANG_ENABLE_OBJC_WEAK = YES;
				CLANG_WARN_BLOCK_CAPTURE_AUTORELEASING = YES;
				CLANG_WARN_BOOL_CONVERSION = YES;
				CLANG_WARN_COMMA = YES;
				CLANG_WARN_CONSTANT_CONVERSION = YES;
				CLANG_WARN_DEPRECATED_OBJC_IMPLEMENTATIONS = YES;
				CLANG_WARN_DIRECT_OBJC_ISA_USAGE = YES_ERROR;
				CLANG_WARN_DOCUMENTATION_COMMENTS = YES;
				CLANG_WARN_EMPTY_BODY = YES;
				CLANG_WARN_ENUM_CONVERSION = YES;
				CLANG_WARN_INFINITE_RECURSION = YES;
				CLANG_WARN_INT_CONVERSION = YES;
				CLANG_WARN_NON_LITERAL_NULL_CONVERSION = YES;
				CLANG_WARN_OBJC_IMPLICIT_RETAIN_SELF = YES;
				CLANG_WARN_OBJC_LITERAL_CONVERSION = YES;
				CLANG_WARN_OBJC_ROOT_CLASS = YES_ERROR;
				CLANG_WARN_RANGE_LOOP_ANALYSIS = YES;
				CLANG_WARN_STRICT_PROTOTYPES = YES;
				CLANG_WARN_SUSPICIOUS_MOVE = YES;
				CLANG_WARN_UNGUARDED_AVAILABILITY = YES_AGGRESSIVE;
				CLANG_WARN_UNREACHABLE_CODE = YES;
				CLANG_WARN__DUPLICATE_METHOD_MATCH = YES;
				COPY_PHASE_STRIP = NO;
				DEBUG_INFORMATION_FORMAT = "dwarf-with-dsym";
				ENABLE_NS_ASSERTIONS = NO;
				ENABLE_STRICT_OBJC_MSGSEND = YES;
				GCC_C_LANGUAGE_STANDARD = gnu11;
				GCC_NO_COMMON_BLOCKS = YES;
				GCC_WARN_64_TO_32_BIT_CONVERSION = YES;
				GCC_WARN_ABOUT_RETURN_TYPE = YES_ERROR;
				GCC_WARN_UNDECLARED_SELECTOR = YES;
				GCC_WARN_UNINITIALIZED_AUTOS = YES_AGGRESSIVE;
				GCC_WARN_UNUSED_FUNCTION = YES;
				GCC_WARN_UNUSED_VARIABLE = YES;
				IPHONEOS_DEPLOYMENT_TARGET = 13.7;
				MTL_ENABLE_DEBUG_INFO = NO;
				MTL_FAST_MATH = YES;
				SDKROOT = iphoneos;
				SWIFT_COMPILATION_MODE = wholemodule;
				SWIFT_OPTIMIZATION_LEVEL = "-O";
				VALIDATE_PRODUCT = YES;
			};
			name = Release;
		};
		D932D01C2504BFFD0034972D /* Debug */ = {
			isa = XCBuildConfiguration;
			buildSettings = {
				ASSETCATALOG_COMPILER_APPICON_NAME = AppIcon;
				CODE_SIGN_STYLE = Automatic;
				DEVELOPMENT_ASSET_PATHS = "\"ListViewApp/Preview Content\"";
				DEVELOPMENT_TEAM = R9Z2GPHT97;
				ENABLE_PREVIEWS = YES;
				INFOPLIST_FILE = ListViewApp/Info.plist;
				LD_RUNPATH_SEARCH_PATHS = (
					"$(inherited)",
					"@executable_path/Frameworks",
				);
				PRODUCT_BUNDLE_IDENTIFIER = com.yasu.ListViewApp;
				PRODUCT_NAME = "$(TARGET_NAME)";
				SWIFT_VERSION = 5.0;
				TARGETED_DEVICE_FAMILY = "1,2";
			};
			name = Debug;
		};
		D932D01D2504BFFD0034972D /* Release */ = {
			isa = XCBuildConfiguration;
			buildSettings = {
				ASSETCATALOG_COMPILER_APPICON_NAME = AppIcon;
				CODE_SIGN_STYLE = Automatic;
				DEVELOPMENT_ASSET_PATHS = "\"ListViewApp/Preview Content\"";
				DEVELOPMENT_TEAM = R9Z2GPHT97;
				ENABLE_PREVIEWS = YES;
				INFOPLIST_FILE = ListViewApp/Info.plist;
				LD_RUNPATH_SEARCH_PATHS = (
					"$(inherited)",
					"@executable_path/Frameworks",
				);
				PRODUCT_BUNDLE_IDENTIFIER = com.yasu.ListViewApp;
				PRODUCT_NAME = "$(TARGET_NAME)";
				SWIFT_VERSION = 5.0;
				TARGETED_DEVICE_FAMILY = "1,2";
			};
			name = Release;
		};
/* End XCBuildConfiguration section */

/* Begin XCConfigurationList section */
		D932D0022504BFFC0034972D /* Build configuration list for PBXProject "ListViewApp" */ = {
			isa = XCConfigurationList;
			buildConfigurations = (
				D932D0192504BFFD0034972D /* Debug */,
				D932D01A2504BFFD0034972D /* Release */,
			);
			defaultConfigurationIsVisible = 0;
			defaultConfigurationName = Release;
		};
		D932D01B2504BFFD0034972D /* Build configuration list for PBXNativeTarget "ListViewApp" */ = {
			isa = XCConfigurationList;
			buildConfigurations = (
				D932D01C2504BFFD0034972D /* Debug */,
				D932D01D2504BFFD0034972D /* Release */,
			);
			defaultConfigurationIsVisible = 0;
			defaultConfigurationName = Release;
		};
/* End XCConfigurationList section */
	};
	rootObject = D932CFFF2504BFFC0034972D /* Project object */;
}
